# This file is @generated by PDM.
# It is not intended for manual editing.

[[package]]
name = "anyio"
version = "3.6.2"
requires_python = ">=3.6.2"
summary = "High level compatibility layer for multiple asynchronous event loop implementations"
dependencies = [
    "idna>=2.8",
    "sniffio>=1.1",
]

[[package]]
name = "certifi"
version = "2022.12.7"
requires_python = ">=3.6"
summary = "Python package for providing Mozilla's CA Bundle."

[[package]]
name = "h11"
version = "0.14.0"
requires_python = ">=3.7"
summary = "A pure-Python, bring-your-own-I/O implementation of HTTP/1.1"

[[package]]
name = "h2"
version = "4.1.0"
requires_python = ">=3.6.1"
summary = "HTTP/2 State-Machine based protocol implementation"
dependencies = [
    "hpack<5,>=4.0",
    "hyperframe<7,>=6.0",
]

[[package]]
name = "hpack"
version = "4.0.0"
requires_python = ">=3.6.1"
summary = "Pure-Python HPACK header compression"

[[package]]
name = "httpcore"
version = "0.16.3"
requires_python = ">=3.7"
summary = "A minimal low-level HTTP client."
dependencies = [
    "anyio<5.0,>=3.0",
    "certifi",
    "h11<0.15,>=0.13",
    "sniffio==1.*",
]

[[package]]
name = "httpx"
version = "0.23.3"
requires_python = ">=3.7"
summary = "The next generation HTTP client."
dependencies = [
    "certifi",
    "httpcore<0.17.0,>=0.15.0",
    "rfc3986[idna2008]<2,>=1.3",
    "sniffio",
]

[[package]]
name = "httpx"
version = "0.23.3"
extras = ["http2"]
requires_python = ">=3.7"
summary = "The next generation HTTP client."
dependencies = [
    "h2<5,>=3",
    "httpx==0.23.3",
]

[[package]]
name = "hyperframe"
version = "6.0.1"
requires_python = ">=3.6.1"
summary = "HTTP/2 framing layer for Python"

[[package]]
name = "idna"
version = "3.4"
requires_python = ">=3.5"
summary = "Internationalized Domain Names in Applications (IDNA)"

[[package]]
name = "mypy"
version = "1.1.1"
requires_python = ">=3.7"
summary = "Optional static typing for Python"
dependencies = [
    "mypy-extensions>=1.0.0",
    "typing-extensions>=3.10",
]

[[package]]
name = "mypy-extensions"
version = "1.0.0"
requires_python = ">=3.5"
summary = "Type system extensions for programs checked with the mypy type checker."

[[package]]
name = "python-telegram-bot"
version = "20.1"
requires_python = ">=3.7"
summary = "We have made you a wrapper you can't refuse"
dependencies = [
    "httpx[http2]~=0.23.3",
]

[[package]]
name = "rfc3986"
version = "1.5.0"
summary = "Validating URI References per RFC 3986"

[[package]]
name = "rfc3986"
version = "1.5.0"
extras = ["idna2008"]
summary = "Validating URI References per RFC 3986"
dependencies = [
    "idna",
    "rfc3986==1.5.0",
]

[[package]]
name = "ruff"
version = "0.0.257"
requires_python = ">=3.7"
summary = "An extremely fast Python linter, written in Rust."

[[package]]
name = "sniffio"
version = "1.3.0"
requires_python = ">=3.7"
summary = "Sniff out which async library your code is running under"

[[package]]
name = "typing-extensions"
version = "4.5.0"
requires_python = ">=3.7"
summary = "Backported and Experimental Type Hints for Python 3.7+"

[metadata]
lock_version = "4.1"
content_hash = "sha256:4de30c9720c805a2f2be0fb072a6a39dece723ba896572da3fcd7aa5c8da894f"

[metadata.files]
"anyio 3.6.2" = [
    {url = "https://files.pythonhosted.org/packages/77/2b/b4c0b7a3f3d61adb1a1e0b78f90a94e2b6162a043880704b7437ef297cad/anyio-3.6.2-py3-none-any.whl", hash = "sha256:fbbe32bd270d2a2ef3ed1c5d45041250284e31fc0a4df4a5a6071842051a51e3"},
    {url = "https://files.pythonhosted.org/packages/8b/94/6928d4345f2bc1beecbff03325cad43d320717f51ab74ab5a571324f4f5a/anyio-3.6.2.tar.gz", hash = "sha256:25ea0d673ae30af41a0c442f81cf3b38c7e79fdc7b60335a4c14e05eb0947421"},
]
"certifi 2022.12.7" = [
    {url = "https://files.pythonhosted.org/packages/37/f7/2b1b0ec44fdc30a3d31dfebe52226be9ddc40cd6c0f34ffc8923ba423b69/certifi-2022.12.7.tar.gz", hash = "sha256:35824b4c3a97115964b408844d64aa14db1cc518f6562e8d7261699d1350a9e3"},
    {url = "https://files.pythonhosted.org/packages/71/4c/3db2b8021bd6f2f0ceb0e088d6b2d49147671f25832fb17970e9b583d742/certifi-2022.12.7-py3-none-any.whl", hash = "sha256:4ad3232f5e926d6718ec31cfc1fcadfde020920e278684144551c91769c7bc18"},
]
"h11 0.14.0" = [
    {url = "https://files.pythonhosted.org/packages/95/04/ff642e65ad6b90db43e668d70ffb6736436c7ce41fcc549f4e9472234127/h11-0.14.0-py3-none-any.whl", hash = "sha256:e3fe4ac4b851c468cc8363d500db52c2ead036020723024a109d37346efaa761"},
    {url = "https://files.pythonhosted.org/packages/f5/38/3af3d3633a34a3316095b39c8e8fb4853a28a536e55d347bd8d8e9a14b03/h11-0.14.0.tar.gz", hash = "sha256:8f19fbbe99e72420ff35c00b27a34cb9937e902a8b810e2c88300c6f0a3b699d"},
]
"h2 4.1.0" = [
    {url = "https://files.pythonhosted.org/packages/2a/32/fec683ddd10629ea4ea46d206752a95a2d8a48c22521edd70b142488efe1/h2-4.1.0.tar.gz", hash = "sha256:a83aca08fbe7aacb79fec788c9c0bac936343560ed9ec18b82a13a12c28d2abb"},
    {url = "https://files.pythonhosted.org/packages/2a/e5/db6d438da759efbb488c4f3fbdab7764492ff3c3f953132efa6b9f0e9e53/h2-4.1.0-py3-none-any.whl", hash = "sha256:03a46bcf682256c95b5fd9e9a99c1323584c3eec6440d379b9903d709476bc6d"},
]
"hpack 4.0.0" = [
    {url = "https://files.pythonhosted.org/packages/3e/9b/fda93fb4d957db19b0f6b370e79d586b3e8528b20252c729c476a2c02954/hpack-4.0.0.tar.gz", hash = "sha256:fc41de0c63e687ebffde81187a948221294896f6bdc0ae2312708df339430095"},
    {url = "https://files.pythonhosted.org/packages/d5/34/e8b383f35b77c402d28563d2b8f83159319b509bc5f760b15d60b0abf165/hpack-4.0.0-py3-none-any.whl", hash = "sha256:84a076fad3dc9a9f8063ccb8041ef100867b1878b25ef0ee63847a5d53818a6c"},
]
"httpcore 0.16.3" = [
    {url = "https://files.pythonhosted.org/packages/04/7e/ef97af4623024e8159993b3114ce208de4f677098ae058ec5882a1bf7605/httpcore-0.16.3-py3-none-any.whl", hash = "sha256:da1fb708784a938aa084bde4feb8317056c55037247c787bd7e19eb2c2949dc0"},
    {url = "https://files.pythonhosted.org/packages/61/42/5c456b02816845d163fab0f32936b6a5b649f3f915beff6f819f4f6c90b2/httpcore-0.16.3.tar.gz", hash = "sha256:c5d6f04e2fc530f39e0c077e6a30caa53f1451096120f1f38b954afd0b17c0cb"},
]
"httpx 0.23.3" = [
    {url = "https://files.pythonhosted.org/packages/ac/a2/0260c0f5d73bdf06e8d3fc1013a82b9f0633dc21750c9e3f3cb1dba7bb8c/httpx-0.23.3-py3-none-any.whl", hash = "sha256:a211fcce9b1254ea24f0cd6af9869b3d29aba40154e947d2a07bb499b3e310d6"},
    {url = "https://files.pythonhosted.org/packages/f5/50/04d5e8ee398a10c767a341a25f59ff8711ae3adf0143c7f8b45fc560d72d/httpx-0.23.3.tar.gz", hash = "sha256:9818458eb565bb54898ccb9b8b251a28785dd4a55afbc23d0eb410754fe7d0f9"},
]
"hyperframe 6.0.1" = [
    {url = "https://files.pythonhosted.org/packages/5a/2a/4747bff0a17f7281abe73e955d60d80aae537a5d203f417fa1c2e7578ebb/hyperframe-6.0.1.tar.gz", hash = "sha256:ae510046231dc8e9ecb1a6586f63d2347bf4c8905914aa84ba585ae85f28a914"},
    {url = "https://files.pythonhosted.org/packages/d7/de/85a784bcc4a3779d1753a7ec2dee5de90e18c7bcf402e71b51fcf150b129/hyperframe-6.0.1-py3-none-any.whl", hash = "sha256:0ec6bafd80d8ad2195c4f03aacba3a8265e57bc4cff261e802bf39970ed02a15"},
]
"idna 3.4" = [
    {url = "https://files.pythonhosted.org/packages/8b/e1/43beb3d38dba6cb420cefa297822eac205a277ab43e5ba5d5c46faf96438/idna-3.4.tar.gz", hash = "sha256:814f528e8dead7d329833b91c5faa87d60bf71824cd12a7530b5526063d02cb4"},
    {url = "https://files.pythonhosted.org/packages/fc/34/3030de6f1370931b9dbb4dad48f6ab1015ab1d32447850b9fc94e60097be/idna-3.4-py3-none-any.whl", hash = "sha256:90b77e79eaa3eba6de819a0c442c0b4ceefc341a7a2ab77d7562bf49f425c5c2"},
]
"mypy 1.1.1" = [
    {url = "https://files.pythonhosted.org/packages/2a/28/8485aad67750b3374443d28bad3eed947737cf425a640ea4be4ac70a7827/mypy-1.1.1-cp38-cp38-manylinux_2_17_x86_64.manylinux2014_x86_64.whl", hash = "sha256:ce61663faf7a8e5ec6f456857bfbcec2901fbdb3ad958b778403f63b9e606a1b"},
    {url = "https://files.pythonhosted.org/packages/30/da/808ceaf2bcf23a9e90156c7b11b41add8dd5a009ee48159ec820d04d97bd/mypy-1.1.1-cp39-cp39-manylinux_2_17_x86_64.manylinux2014_x86_64.whl", hash = "sha256:9401e33814cec6aec8c03a9548e9385e0e228fc1b8b0a37b9ea21038e64cdd8a"},
    {url = "https://files.pythonhosted.org/packages/44/9d/d23fa5d12bacbe7beea5fb6315b3325beabbe438e7e14d38c82b71609818/mypy-1.1.1-cp310-cp310-macosx_10_9_x86_64.whl", hash = "sha256:39c7119335be05630611ee798cc982623b9e8f0cff04a0b48dfc26100e0b97af"},
    {url = "https://files.pythonhosted.org/packages/47/9f/34f6a2254f7d39b8c4349b8ac480c233d37c377faf2c67c6ef925b3af0ab/mypy-1.1.1-cp39-cp39-macosx_11_0_arm64.whl", hash = "sha256:59bbd71e5c58eed2e992ce6523180e03c221dcd92b52f0e792f291d67b15a71c"},
    {url = "https://files.pythonhosted.org/packages/61/99/4a844dcacbc4990a8312236bf74a55910ee9a05db69dee7d6fb7a7ffe6c2/mypy-1.1.1-cp310-cp310-manylinux_2_17_x86_64.manylinux2014_x86_64.whl", hash = "sha256:dbb19c9f662e41e474e0cff502b7064a7edc6764f5262b6cd91d698163196799"},
    {url = "https://files.pythonhosted.org/packages/62/54/be80f8d01f5cf72f774a77f9f750527a6fa733f09f78b1da30e8fa3914e6/mypy-1.1.1.tar.gz", hash = "sha256:ae9ceae0f5b9059f33dbc62dea087e942c0ccab4b7a003719cb70f9b8abfa32f"},
    {url = "https://files.pythonhosted.org/packages/64/63/6a04ca7a8b7f34811cada43ed6119736a7f4a07c5e1cbd8eec0e0f4962d5/mypy-1.1.1-cp311-cp311-musllinux_1_1_x86_64.whl", hash = "sha256:d809f88734f44a0d44959d795b1e6f64b2bbe0ea4d9cc4776aa588bb4229fc1c"},
    {url = "https://files.pythonhosted.org/packages/65/cc/ae5032abc06949e7a8c68f9885883fdb745c96bcf137cd4fa7225d50b647/mypy-1.1.1-cp38-cp38-win_amd64.whl", hash = "sha256:2888ce4fe5aae5a673386fa232473014056967f3904f5abfcf6367b5af1f612a"},
    {url = "https://files.pythonhosted.org/packages/67/d3/1323311369eae97da4c7f47f266c55f7bdc22e74e4e2e1691be511ab8a91/mypy-1.1.1-cp39-cp39-win_amd64.whl", hash = "sha256:69b35d1dcb5707382810765ed34da9db47e7f95b3528334a3c999b0c90fe523f"},
    {url = "https://files.pythonhosted.org/packages/7e/32/1b161731d19580c55d3d7c04b8ace80dc7cf42d852adf750f348a485068f/mypy-1.1.1-cp37-cp37m-macosx_10_9_x86_64.whl", hash = "sha256:b7c7b708fe9a871a96626d61912e3f4ddd365bf7f39128362bc50cbd74a634d5"},
    {url = "https://files.pythonhosted.org/packages/8a/fd/b610256224e01da4c4f315d11f62d39d815e97439a58d49d60aa4f55a60b/mypy-1.1.1-cp310-cp310-macosx_11_0_arm64.whl", hash = "sha256:61bf08362e93b6b12fad3eab68c4ea903a077b87c90ac06c11e3d7a09b56b9c1"},
    {url = "https://files.pythonhosted.org/packages/8c/3d/a8d518bb06952484ada20897878a7a14741536f43514dcfecfac0676aa01/mypy-1.1.1-cp37-cp37m-manylinux_2_17_x86_64.manylinux2014_x86_64.whl", hash = "sha256:c1c10fa12df1232c936830839e2e935d090fc9ee315744ac33b8a32216b93707"},
    {url = "https://files.pythonhosted.org/packages/91/63/55d0e62829f739f47978f1d8eb965ca8c40261841e47491ad297c84921c5/mypy-1.1.1-cp310-cp310-win_amd64.whl", hash = "sha256:5cb14ff9919b7df3538590fc4d4c49a0f84392237cbf5f7a816b4161c061829e"},
    {url = "https://files.pythonhosted.org/packages/a4/0b/3a30f50287e42a4230320fa2eac25eb3017d38a7c31f083d407ab627607c/mypy-1.1.1-py3-none-any.whl", hash = "sha256:4e4e8b362cdf99ba00c2b218036002bdcdf1e0de085cdb296a49df03fb31dfc4"},
    {url = "https://files.pythonhosted.org/packages/b8/06/3d72d1b316ceec347874c4285fad8bf17e3fb21bb7848c1a942df239e44a/mypy-1.1.1-cp38-cp38-macosx_10_9_x86_64.whl", hash = "sha256:d64c28e03ce40d5303450f547e07418c64c241669ab20610f273c9e6290b4b0b"},
    {url = "https://files.pythonhosted.org/packages/b8/72/385f3aeaaf262325454ac7f569eb81ac623464871df23d9778c864d04c6c/mypy-1.1.1-cp39-cp39-macosx_10_9_x86_64.whl", hash = "sha256:19ba15f9627a5723e522d007fe708007bae52b93faab00f95d72f03e1afa9598"},
    {url = "https://files.pythonhosted.org/packages/b9/e5/71eef5239219ee2f4d85e2ca6368d736705a3b874023b57f7237b977839c/mypy-1.1.1-cp311-cp311-macosx_11_0_arm64.whl", hash = "sha256:5b5f81b40d94c785f288948c16e1f2da37203c6006546c5d947aab6f90aefef2"},
    {url = "https://files.pythonhosted.org/packages/be/d5/5588a2ee0d77189626a57b555b6b006dda6d5b0083f16c6be0c2d761cd7b/mypy-1.1.1-cp39-cp39-musllinux_1_1_x86_64.whl", hash = "sha256:4b398d8b1f4fba0e3c6463e02f8ad3346f71956b92287af22c9b12c3ec965a9f"},
    {url = "https://files.pythonhosted.org/packages/bf/2d/45a526f248719ee32ecf1261564247a2e717a9c6167de5eb67d53599c4df/mypy-1.1.1-cp311-cp311-manylinux_2_17_x86_64.manylinux2014_x86_64.whl", hash = "sha256:21b437be1c02712a605591e1ed1d858aba681757a1e55fe678a15c2244cd68a5"},
    {url = "https://files.pythonhosted.org/packages/c0/d6/17ba6f8749722b8f61c6ab680769658f0bc63c293556149e2bf400b1f1a2/mypy-1.1.1-cp310-cp310-musllinux_1_1_x86_64.whl", hash = "sha256:315ac73cc1cce4771c27d426b7ea558fb4e2836f89cb0296cbe056894e3a1f78"},
    {url = "https://files.pythonhosted.org/packages/d3/35/a0892864f1c128dc6449ee69897f9db7a64de2c16f41c14640dd22251b1b/mypy-1.1.1-cp37-cp37m-musllinux_1_1_x86_64.whl", hash = "sha256:0a28a76785bf57655a8ea5eb0540a15b0e781c807b5aa798bd463779988fa1d5"},
    {url = "https://files.pythonhosted.org/packages/d9/ab/d6d3884c3f432898458e2ade712988a7d1da562c1a363f2003b31677acd8/mypy-1.1.1-cp311-cp311-macosx_10_9_x86_64.whl", hash = "sha256:26cdd6a22b9b40b2fd71881a8a4f34b4d7914c679f154f43385ca878a8297389"},
    {url = "https://files.pythonhosted.org/packages/e1/a6/331cff5f7476904a2ebe6ed7cee2310b6be583ff6d45609ea0e0d67fd39d/mypy-1.1.1-cp38-cp38-macosx_11_0_arm64.whl", hash = "sha256:64cc3afb3e9e71a79d06e3ed24bb508a6d66f782aff7e56f628bf35ba2e0ba51"},
    {url = "https://files.pythonhosted.org/packages/ed/89/85a04f32135fe4e35fd59d47100c939c7425fcb29868894c4b7a6171e065/mypy-1.1.1-cp311-cp311-win_amd64.whl", hash = "sha256:a380c041db500e1410bb5b16b3c1c35e61e773a5c3517926b81dfdab7582be54"},
    {url = "https://files.pythonhosted.org/packages/f5/35/da01ef5831ceaf99a673e018d06ff1622ec460e4164b5e900ddaeceb52e1/mypy-1.1.1-cp37-cp37m-win_amd64.whl", hash = "sha256:ef6a01e563ec6a4940784c574d33f6ac1943864634517984471642908b30b6f7"},
    {url = "https://files.pythonhosted.org/packages/f6/57/93e676773f91141127329a56e2238eac506a78f6fb0ae0650a53fcc1355d/mypy-1.1.1-cp38-cp38-musllinux_1_1_x86_64.whl", hash = "sha256:2b0c373d071593deefbcdd87ec8db91ea13bd8f1328d44947e88beae21e8d5e9"},
]
"mypy-extensions 1.0.0" = [
    {url = "https://files.pythonhosted.org/packages/2a/e2/5d3f6ada4297caebe1a2add3b126fe800c96f56dbe5d1988a2cbe0b267aa/mypy_extensions-1.0.0-py3-none-any.whl", hash = "sha256:4392f6c0eb8a5668a69e23d168ffa70f0be9ccfd32b5cc2d26a34ae5b844552d"},
    {url = "https://files.pythonhosted.org/packages/98/a4/1ab47638b92648243faf97a5aeb6ea83059cc3624972ab6b8d2316078d3f/mypy_extensions-1.0.0.tar.gz", hash = "sha256:75dbf8955dc00442a438fc4d0666508a9a97b6bd41aa2f0ffe9d2f2725af0782"},
]
"python-telegram-bot 20.1" = [
    {url = "https://files.pythonhosted.org/packages/09/a0/50779fcd8337d2f0cff8b1e2eabc2d82e136d2b18eaf9dc17d0037309381/python_telegram_bot-20.1-py3-none-any.whl", hash = "sha256:b5096cf726f02b66a4dd0260027c853ec86ffa30bf651b8ac88b1dc558950b7d"},
    {url = "https://files.pythonhosted.org/packages/50/a8/df610e2430e65db9c6c615a3cd8a3f7fad2764f93180ec4ebe7626171d16/python-telegram-bot-20.1.tar.gz", hash = "sha256:f9caf2ce867926b31717e24f3f9341e619e7be128f6e892fad958c6053ef06e0"},
]
"rfc3986 1.5.0" = [
    {url = "https://files.pythonhosted.org/packages/79/30/5b1b6c28c105629cc12b33bdcbb0b11b5bb1880c6cfbd955f9e792921aa8/rfc3986-1.5.0.tar.gz", hash = "sha256:270aaf10d87d0d4e095063c65bf3ddbc6ee3d0b226328ce21e036f946e421835"},
    {url = "https://files.pythonhosted.org/packages/c4/e5/63ca2c4edf4e00657584608bee1001302bbf8c5f569340b78304f2f446cb/rfc3986-1.5.0-py2.py3-none-any.whl", hash = "sha256:a86d6e1f5b1dc238b218b012df0aa79409667bb209e58da56d0b94704e712a97"},
]
"ruff 0.0.257" = [
    {url = "https://files.pythonhosted.org/packages/03/fa/c50057dc525c9c4f9babc2f22838645e53034f2802c7204c669b620ab0dd/ruff-0.0.257.tar.gz", hash = "sha256:fedfd06a37ddc17449203c3e38fc83fb68de7f20b5daa0ee4e60d3599b38bab0"},
    {url = "https://files.pythonhosted.org/packages/08/c3/78a7fa4a7721e2b49e45bdb63ae4758648cfee306dd656eb21cf8540de24/ruff-0.0.257-py3-none-manylinux_2_17_ppc64le.manylinux2014_ppc64le.whl", hash = "sha256:5a54bfd559e558ee0df2a2f3756423fe6a9de7307bc290d807c3cdf351cb4c24"},
    {url = "https://files.pythonhosted.org/packages/0c/1f/bb660d5fbc43c67d87834093271c06421453d31eff2c9798c74f4e58c791/ruff-0.0.257-py3-none-manylinux_2_17_x86_64.manylinux2014_x86_64.whl", hash = "sha256:358cc2b547bd6451dcf2427b22a9c29a2d9c34e66576c693a6381c5f2ed3011d"},
    {url = "https://files.pythonhosted.org/packages/32/5a/4829bade5075c95fbee423d66ae69143cac028f5ef6f85f7b63ae40ebdbd/ruff-0.0.257-py3-none-musllinux_1_2_aarch64.whl", hash = "sha256:783390f1e94a168c79d7004426dae3e4ae2999cc85f7d00fdd86c62262b71854"},
    {url = "https://files.pythonhosted.org/packages/48/1b/3b22dd11bfb76be393fbb3ad1cbaf783d49729ea66dcb9867430c18b9373/ruff-0.0.257-py3-none-manylinux_2_17_armv7l.manylinux2014_armv7l.whl", hash = "sha256:d9f0912d045eee15e8e02e335c16d7a7f9fb6821aa5eb1628eeb5bbfa3d88908"},
    {url = "https://files.pythonhosted.org/packages/4a/3d/c095e62641d7cd226890d6d437ff65215e2b8d03f0e1df973d66131acd06/ruff-0.0.257-py3-none-manylinux_2_17_i686.manylinux2014_i686.whl", hash = "sha256:4a9542c34ee5298b31be6c6ba304f14b672dcf104846ee65adb2466d3e325870"},
    {url = "https://files.pythonhosted.org/packages/52/f4/349cfb878df4659c353b48b4f1c9ae668826e48781b8665c510c7c1677c4/ruff-0.0.257-py3-none-win32.whl", hash = "sha256:d2c8755fa4f6c5e5ec032ad341ca3beeecd16786e12c3f26e6b0cc40418ae998"},
    {url = "https://files.pythonhosted.org/packages/6d/ea/fe95f51b4b07716813a78089909530bcf009b6fe2e95a164079cf4c4141f/ruff-0.0.257-py3-none-manylinux_2_17_s390x.manylinux2014_s390x.whl", hash = "sha256:3438fd38446e1a0915316f4085405c9feca20fe00a4b614995ab7034dbfaa7ff"},
    {url = "https://files.pythonhosted.org/packages/7a/7d/686fbdfa4a898d22beae05542085525649468a2c7f0738c7cacfc63a815e/ruff-0.0.257-py3-none-macosx_10_9_x86_64.macosx_11_0_arm64.macosx_10_9_universal2.whl", hash = "sha256:4582b73da61ab410ffda35b2987a6eacb33f18263e1c91810f0b9779ec4f41a9"},
    {url = "https://files.pythonhosted.org/packages/8a/dc/18263d599925c7e8f4001bb6715698db654acc13cc68a733d093044ac72f/ruff-0.0.257-py3-none-musllinux_1_2_i686.whl", hash = "sha256:4ecd7a84db4816df2dcd0f11c5365a9a2cf4fa70a19b3ac161b7b0bfa592959d"},
    {url = "https://files.pythonhosted.org/packages/95/45/7f40ff972e5a48dc51120c79b03202e0654b3c5cb511a4283183a0ce13b9/ruff-0.0.257-py3-none-win_arm64.whl", hash = "sha256:352f1bdb9b433b3b389aee512ffb0b82226ae1e25b3d92e4eaf0e7be6b1b6f6a"},
    {url = "https://files.pythonhosted.org/packages/9d/f8/532c0472f9886c32a04403b219a50e8b446e11e9bf4978d2bcdbc20c6d4a/ruff-0.0.257-py3-none-musllinux_1_2_x86_64.whl", hash = "sha256:3db8d77d5651a2c0d307102d717627a025d4488d406f54c2764b21cfbe11d822"},
    {url = "https://files.pythonhosted.org/packages/a7/ec/ce5a0b11ad4c5ac8f78ca7ca6d98d7bb5c9e37fda3520ed89bbd86ee77c6/ruff-0.0.257-py3-none-manylinux_2_17_aarch64.manylinux2014_aarch64.whl", hash = "sha256:5acae9878f1136893e266348acdb9d30dfae23c296d3012043816432a5abdd51"},
    {url = "https://files.pythonhosted.org/packages/b6/f6/e52f410d06cb5c0b7fbadb84b691ef2cebc21928a9ed70a94fc1c38afe40/ruff-0.0.257-py3-none-manylinux_2_17_ppc64.manylinux2014_ppc64.whl", hash = "sha256:3464f1ad4cea6c4b9325da13ae306bd22bf15d226e18d19c52db191b1f4355ac"},
    {url = "https://files.pythonhosted.org/packages/d2/24/ff82d955c9e65671d8237afff6bee25ad4c1933d7a10f07187937b178d2d/ruff-0.0.257-py3-none-musllinux_1_2_armv7l.whl", hash = "sha256:aaa3b5b6929c63a854b6bcea7a229453b455ab26337100b2905fae4523ca5667"},
    {url = "https://files.pythonhosted.org/packages/e3/82/9c70235d8943fab4673cccd4b9881fce2943238ce5c8f4d6b55efa2f90fa/ruff-0.0.257-py3-none-macosx_10_7_x86_64.whl", hash = "sha256:7280640690c1d0046b20e0eb924319a89d8e22925d7d232180ce31196e7478f8"},
    {url = "https://files.pythonhosted.org/packages/e8/ea/86373c1917fbc7a3f6d28c4a41f118b8d07b5d53be506ada25f48053443c/ruff-0.0.257-py3-none-win_amd64.whl", hash = "sha256:3cec07d6fecb1ebbc45ea8eeb1047b929caa2f7dfb8dd4b0e1869ff789326da5"},
]
"sniffio 1.3.0" = [
    {url = "https://files.pythonhosted.org/packages/c3/a0/5dba8ed157b0136607c7f2151db695885606968d1fae123dc3391e0cfdbf/sniffio-1.3.0-py3-none-any.whl", hash = "sha256:eecefdce1e5bbfb7ad2eeaabf7c1eeb404d7757c379bd1f7e5cce9d8bf425384"},
    {url = "https://files.pythonhosted.org/packages/cd/50/d49c388cae4ec10e8109b1b833fd265511840706808576df3ada99ecb0ac/sniffio-1.3.0.tar.gz", hash = "sha256:e60305c5e5d314f5389259b7f22aaa33d8f7dee49763119234af3755c55b9101"},
]
"typing-extensions 4.5.0" = [
    {url = "https://files.pythonhosted.org/packages/31/25/5abcd82372d3d4a3932e1fa8c3dbf9efac10cc7c0d16e78467460571b404/typing_extensions-4.5.0-py3-none-any.whl", hash = "sha256:fb33085c39dd998ac16d1431ebc293a8b3eedd00fd4a32de0ff79002c19511b4"},
    {url = "https://files.pythonhosted.org/packages/d3/20/06270dac7316220643c32ae61694e451c98f8caf4c8eab3aa80a2bedf0df/typing_extensions-4.5.0.tar.gz", hash = "sha256:5cb5f4a79139d699607b3ef622a1dedafa84e115ab0024e0d9c044a9479ca7cb"},
]
